
Microsoft Visual Studio Solution File, Format Version 12.00
# Visual Studio Version 17
VisualStudioVersion = 17.3.32811.315
MinimumVisualStudioVersion = 10.0.40219.1
Project("{FAE04EC0-301F-11D3-BF4B-00C04F79EFBC}") = "Test", "Test\Test.csproj", "{BC83B0FD-CB4A-49EA-AA02-067D15C93CB3}"
EndProject
Global
	GlobalSection(SolutionConfigurationPlatforms) = preSolution
		Debug|Any CPU = Debug|Any CPU
		Release|Any CPU = Release|Any CPU
	EndGlobalSection
	GlobalSection(ProjectConfigurationPlatforms) = postSolution
		{BC83B0FD-CB4A-49EA-AA02-067D15C93CB3}.Debug|Any CPU.ActiveCfg = Debug|Any CPU
		{BC83B0FD-CB4A-49EA-AA02-067D15C93CB3}.Debug|Any CPU.Build.0 = Debug|Any CPU
		{BC83B0FD-CB4A-49EA-AA02-067D15C93CB3}.Release|Any CPU.ActiveCfg = Release|Any CPU
		{BC83B0FD-CB4A-49EA-AA02-067D15C93CB3}.Release|Any CPU.Build.0 = Release|Any CPU
	EndGlobalSection
	GlobalSection(SolutionProperties) = preSolution
		HideSolutionNode = FALSE
	EndGlobalSection
	GlobalSection(ExtensibilityGlobals) = postSolution
		SolutionGuid = {03A23B58-12B9-427D-81AF-6D29E0623DA0}
	EndGlobalSection
EndGlobal
